
Microsoft Visual Studio Solution File, Format Version 12.00
# Visual Studio Version 16
VisualStudioVersion = 16.0.31025.218
MinimumVisualStudioVersion = 10.0.40219.1
Project("{FAE04EC0-301F-11D3-BF4B-00C04F79EFBC}") = "sampleclasslibrary", "sampleclasslibrary\sampleclasslibrary.csproj", "{F926D1C5-77F9-48C5-996A-C6E153E32995}"
EndProject
Global
	GlobalSection(SolutionConfigurationPlatforms) = preSolution
		Debug|Any CPU = Debug|Any CPU
		Release|Any CPU = Release|Any CPU
	EndGlobalSection
	GlobalSection(ProjectConfigurationPlatforms) = postSolution
		{F926D1C5-77F9-48C5-996A-C6E153E32995}.Debug|Any CPU.ActiveCfg = Debug|Any CPU
		{F926D1C5-77F9-48C5-996A-C6E153E32995}.Debug|Any CPU.Build.0 = Debug|Any CPU
		{F926D1C5-77F9-48C5-996A-C6E153E32995}.Release|Any CPU.ActiveCfg = Release|Any CPU
		{F926D1C5-77F9-48C5-996A-C6E153E32995}.Release|Any CPU.Build.0 = Release|Any CPU
	EndGlobalSection
	GlobalSection(SolutionProperties) = preSolution
		HideSolutionNode = FALSE
	EndGlobalSection
	GlobalSection(ExtensibilityGlobals) = postSolution
		SolutionGuid = {24C96162-6A05-454F-B6EF-105EDBE6907F}
	EndGlobalSection
EndGlobal
